
Microsoft Visual Studio Solution File, Format Version 12.00
# Visual Studio Version 16
VisualStudioVersion = 16.0.30503.244
MinimumVisualStudioVersion = 10.0.40219.1
Project("{8BC9CEB8-8B4A-11D0-8D11-00A0C91BC942}") = "hello_asm", "hello_asm\hello_asm.vcxproj", "{6AD5F357-F604-4719-80A3-6478AD15E8CF}"
EndProject
Project("{8BC9CEB8-8B4A-11D0-8D11-00A0C91BC942}") = "hello_cpp", "hello_cpp\hello_cpp.vcxproj", "{0E349DFF-D60C-4FA7-AB55-AF84B12F0AEC}"
EndProject
Project("{8BC9CEB8-8B4A-11D0-8D11-00A0C91BC942}") = "hello_c", "hello_c\hello_c.vcxproj", "{F6ABBEA3-CF0C-452B-BA40-A2C517255C0F}"
EndProject
Project("{8BC9CEB8-8B4A-11D0-8D11-00A0C91BC942}") = "bad_cpp", "bad_cpp\bad_cpp.vcxproj", "{B1F03172-AE74-4135-857E-EBE0B80245AC}"
EndProject
Project("{8BC9CEB8-8B4A-11D0-8D11-00A0C91BC942}") = "bad_c", "bad_c\bad_c.vcxproj", "{F7B7B374-9DD7-4A8D-940F-109E2C7FB2F2}"
EndProject
Project("{8BC9CEB8-8B4A-11D0-8D11-00A0C91BC942}") = "buffer_cpp", "buffer_cpp\buffer_cpp.vcxproj", "{D8B8BA38-B90F-4124-8E7E-1B94F623E63E}"
EndProject
Global
	GlobalSection(SolutionConfigurationPlatforms) = preSolution
		Debug|ARM = Debug|ARM
		Debug|ARM64 = Debug|ARM64
		Debug|x64 = Debug|x64
		Debug|x86 = Debug|x86
		Release|ARM = Release|ARM
		Release|ARM64 = Release|ARM64
		Release|x64 = Release|x64
		Release|x86 = Release|x86
	EndGlobalSection
	GlobalSection(ProjectConfigurationPlatforms) = postSolution
		{6AD5F357-F604-4719-80A3-6478AD15E8CF}.Debug|ARM.ActiveCfg = Debug|Win32
		{6AD5F357-F604-4719-80A3-6478AD15E8CF}.Debug|ARM64.ActiveCfg = Debug|Win32
		{6AD5F357-F604-4719-80A3-6478AD15E8CF}.Debug|x64.ActiveCfg = Debug|x64
		{6AD5F357-F604-4719-80A3-6478AD15E8CF}.Debug|x64.Build.0 = Debug|x64
		{6AD5F357-F604-4719-80A3-6478AD15E8CF}.Debug|x86.ActiveCfg = Debug|Win32
		{6AD5F357-F604-4719-80A3-6478AD15E8CF}.Debug|x86.Build.0 = Debug|Win32
		{6AD5F357-F604-4719-80A3-6478AD15E8CF}.Release|ARM.ActiveCfg = Release|Win32
		{6AD5F357-F604-4719-80A3-6478AD15E8CF}.Release|ARM64.ActiveCfg = Release|Win32
		{6AD5F357-F604-4719-80A3-6478AD15E8CF}.Release|x64.ActiveCfg = Release|x64
		{6AD5F357-F604-4719-80A3-6478AD15E8CF}.Release|x64.Build.0 = Release|x64
		{6AD5F357-F604-4719-80A3-6478AD15E8CF}.Release|x86.ActiveCfg = Release|Win32
		{6AD5F357-F604-4719-80A3-6478AD15E8CF}.Release|x86.Build.0 = Release|Win32
		{0E349DFF-D60C-4FA7-AB55-AF84B12F0AEC}.Debug|ARM.ActiveCfg = Debug|Win32
		{0E349DFF-D60C-4FA7-AB55-AF84B12F0AEC}.Debug|ARM64.ActiveCfg = Debug|Win32
		{0E349DFF-D60C-4FA7-AB55-AF84B12F0AEC}.Debug|x64.ActiveCfg = Debug|x64
		{0E349DFF-D60C-4FA7-AB55-AF84B12F0AEC}.Debug|x64.Build.0 = Debug|x64
		{0E349DFF-D60C-4FA7-AB55-AF84B12F0AEC}.Debug|x86.ActiveCfg = Debug|Win32
		{0E349DFF-D60C-4FA7-AB55-AF84B12F0AEC}.Debug|x86.Build.0 = Debug|Win32
		{0E349DFF-D60C-4FA7-AB55-AF84B12F0AEC}.Release|ARM.ActiveCfg = Release|Win32
		{0E349DFF-D60C-4FA7-AB55-AF84B12F0AEC}.Release|ARM64.ActiveCfg = Release|Win32
		{0E349DFF-D60C-4FA7-AB55-AF84B12F0AEC}.Release|x64.ActiveCfg = Release|x64
		{0E349DFF-D60C-4FA7-AB55-AF84B12F0AEC}.Release|x64.Build.0 = Release|x64
		{0E349DFF-D60C-4FA7-AB55-AF84B12F0AEC}.Release|x86.ActiveCfg = Release|Win32
		{0E349DFF-D60C-4FA7-AB55-AF84B12F0AEC}.Release|x86.Build.0 = Release|Win32
		{F6ABBEA3-CF0C-452B-BA40-A2C517255C0F}.Debug|ARM.ActiveCfg = Debug|Win32
		{F6ABBEA3-CF0C-452B-BA40-A2C517255C0F}.Debug|ARM64.ActiveCfg = Debug|Win32
		{F6ABBEA3-CF0C-452B-BA40-A2C517255C0F}.Debug|x64.ActiveCfg = Debug|x64
		{F6ABBEA3-CF0C-452B-BA40-A2C517255C0F}.Debug|x64.Build.0 = Debug|x64
		{F6ABBEA3-CF0C-452B-BA40-A2C517255C0F}.Debug|x86.ActiveCfg = Debug|Win32
		{F6ABBEA3-CF0C-452B-BA40-A2C517255C0F}.Debug|x86.Build.0 = Debug|Win32
		{F6ABBEA3-CF0C-452B-BA40-A2C517255C0F}.Release|ARM.ActiveCfg = Release|Win32
		{F6ABBEA3-CF0C-452B-BA40-A2C517255C0F}.Release|ARM64.ActiveCfg = Release|Win32
		{F6ABBEA3-CF0C-452B-BA40-A2C517255C0F}.Release|x64.ActiveCfg = Release|x64
		{F6ABBEA3-CF0C-452B-BA40-A2C517255C0F}.Release|x64.Build.0 = Release|x64
		{F6ABBEA3-CF0C-452B-BA40-A2C517255C0F}.Release|x86.ActiveCfg = Release|Win32
		{F6ABBEA3-CF0C-452B-BA40-A2C517255C0F}.Release|x86.Build.0 = Release|Win32
		{B1F03172-AE74-4135-857E-EBE0B80245AC}.Debug|ARM.ActiveCfg = Debug|Win32
		{B1F03172-AE74-4135-857E-EBE0B80245AC}.Debug|ARM64.ActiveCfg = Debug|Win32
		{B1F03172-AE74-4135-857E-EBE0B80245AC}.Debug|x64.ActiveCfg = Debug|x64
		{B1F03172-AE74-4135-857E-EBE0B80245AC}.Debug|x64.Build.0 = Debug|x64
		{B1F03172-AE74-4135-857E-EBE0B80245AC}.Debug|x86.ActiveCfg = Debug|Win32
		{B1F03172-AE74-4135-857E-EBE0B80245AC}.Debug|x86.Build.0 = Debug|Win32
		{B1F03172-AE74-4135-857E-EBE0B80245AC}.Release|ARM.ActiveCfg = Release|Win32
		{B1F03172-AE74-4135-857E-EBE0B80245AC}.Release|ARM64.ActiveCfg = Release|Win32
		{B1F03172-AE74-4135-857E-EBE0B80245AC}.Release|x64.ActiveCfg = Release|x64
		{B1F03172-AE74-4135-857E-EBE0B80245AC}.Release|x64.Build.0 = Release|x64
		{B1F03172-AE74-4135-857E-EBE0B80245AC}.Release|x86.ActiveCfg = Release|Win32
		{B1F03172-AE74-4135-857E-EBE0B80245AC}.Release|x86.Build.0 = Release|Win32
		{F7B7B374-9DD7-4A8D-940F-109E2C7FB2F2}.Debug|ARM.ActiveCfg = Debug|Win32
		{F7B7B374-9DD7-4A8D-940F-109E2C7FB2F2}.Debug|ARM64.ActiveCfg = Debug|Win32
		{F7B7B374-9DD7-4A8D-940F-109E2C7FB2F2}.Debug|x64.ActiveCfg = Debug|x64
		{F7B7B374-9DD7-4A8D-940F-109E2C7FB2F2}.Debug|x64.Build.0 = Debug|x64
		{F7B7B374-9DD7-4A8D-940F-109E2C7FB2F2}.Debug|x86.ActiveCfg = Debug|Win32
		{F7B7B374-9DD7-4A8D-940F-109E2C7FB2F2}.Debug|x86.Build.0 = Debug|Win32
		{F7B7B374-9DD7-4A8D-940F-109E2C7FB2F2}.Release|ARM.ActiveCfg = Release|Win32
		{F7B7B374-9DD7-4A8D-940F-109E2C7FB2F2}.Release|ARM64.ActiveCfg = Release|Win32
		{F7B7B374-9DD7-4A8D-940F-109E2C7FB2F2}.Release|x64.ActiveCfg = Release|x64
		{F7B7B374-9DD7-4A8D-940F-109E2C7FB2F2}.Release|x64.Build.0 = Release|x64
		{F7B7B374-9DD7-4A8D-940F-109E2C7FB2F2}.Release|x86.ActiveCfg = Release|Win32
		{F7B7B374-9DD7-4A8D-940F-109E2C7FB2F2}.Release|x86.Build.0 = Release|Win32
		{D8B8BA38-B90F-4124-8E7E-1B94F623E63E}.Debug|ARM.ActiveCfg = Debug|Win32
		{D8B8BA38-B90F-4124-8E7E-1B94F623E63E}.Debug|ARM64.ActiveCfg = Debug|Win32
		{D8B8BA38-B90F-4124-8E7E-1B94F623E63E}.Debug|x64.ActiveCfg = Debug|x64
		{D8B8BA38-B90F-4124-8E7E-1B94F623E63E}.Debug|x64.Build.0 = Debug|x64
		{D8B8BA38-B90F-4124-8E7E-1B94F623E63E}.Debug|x86.ActiveCfg = Debug|Win32
		{D8B8BA38-B90F-4124-8E7E-1B94F623E63E}.Debug|x86.Build.0 = Debug|Win32
		{D8B8BA38-B90F-4124-8E7E-1B94F623E63E}.Release|ARM.ActiveCfg = Release|Win32
		{D8B8BA38-B90F-4124-8E7E-1B94F623E63E}.Release|ARM64.ActiveCfg = Release|Win32
		{D8B8BA38-B90F-4124-8E7E-1B94F623E63E}.Release|x64.ActiveCfg = Release|x64
		{D8B8BA38-B90F-4124-8E7E-1B94F623E63E}.Release|x64.Build.0 = Release|x64
		{D8B8BA38-B90F-4124-8E7E-1B94F623E63E}.Release|x86.ActiveCfg = Release|Win32
		{D8B8BA38-B90F-4124-8E7E-1B94F623E63E}.Release|x86.Build.0 = Release|Win32
	EndGlobalSection
	GlobalSection(SolutionProperties) = preSolution
		HideSolutionNode = FALSE
	EndGlobalSection
	GlobalSection(ExtensibilityGlobals) = postSolution
		SolutionGuid = {CB60923D-DC6C-488E-A454-0F6A59B24157}
	EndGlobalSection
EndGlobal
